
Microsoft Visual Studio Solution File, Format Version 12.00
# Visual Studio Version 17
VisualStudioVersion = 17.3.32922.545
MinimumVisualStudioVersion = 10.0.40219.1
Project("{9A19103F-16F7-4668-BE54-9A1E7A4F7556}") = "WebApplicationConges", "WebApplicationConges.csproj", "{A26BD495-CEC9-4AEF-853B-D0A6BD0C3191}"
EndProject
Project("{FAE04EC0-301F-11D3-BF4B-00C04F79EFBC}") = "TestProject", "..\TestProject\TestProject.csproj", "{F4D65A29-2B01-4C55-83CD-8DD5225CBE88}"
EndProject
Global
	GlobalSection(SolutionConfigurationPlatforms) = preSolution
		Debug|Any CPU = Debug|Any CPU
		Release|Any CPU = Release|Any CPU
	EndGlobalSection
	GlobalSection(ProjectConfigurationPlatforms) = postSolution
		{A26BD495-CEC9-4AEF-853B-D0A6BD0C3191}.Debug|Any CPU.ActiveCfg = Debug|Any CPU
		{A26BD495-CEC9-4AEF-853B-D0A6BD0C3191}.Debug|Any CPU.Build.0 = Debug|Any CPU
		{A26BD495-CEC9-4AEF-853B-D0A6BD0C3191}.Release|Any CPU.ActiveCfg = Release|Any CPU
		{A26BD495-CEC9-4AEF-853B-D0A6BD0C3191}.Release|Any CPU.Build.0 = Release|Any CPU
		{F4D65A29-2B01-4C55-83CD-8DD5225CBE88}.Debug|Any CPU.ActiveCfg = Debug|Any CPU
		{F4D65A29-2B01-4C55-83CD-8DD5225CBE88}.Debug|Any CPU.Build.0 = Debug|Any CPU
		{F4D65A29-2B01-4C55-83CD-8DD5225CBE88}.Release|Any CPU.ActiveCfg = Release|Any CPU
		{F4D65A29-2B01-4C55-83CD-8DD5225CBE88}.Release|Any CPU.Build.0 = Release|Any CPU
	EndGlobalSection
	GlobalSection(SolutionProperties) = preSolution
		HideSolutionNode = FALSE
	EndGlobalSection
	GlobalSection(ExtensibilityGlobals) = postSolution
		SolutionGuid = {C56188ED-EE7B-4E63-BB9E-9C2A372F87F3}
	EndGlobalSection
EndGlobal
